// !$*UTF8*$!
{
	archiveVersion = 1;
	classes = {
	};
	objectVersion = 50;
	objects = {

/* Begin PBXBuildFile section */
		1B98F606CAF8226176C4D64B /* Pods_instagramDemo.framework in Frameworks */ = {isa = PBXBuildFile; fileRef = 21DF166A6E23C40E5EF0DBD7 /* Pods_instagramDemo.framework */; };
		1C5C980C346A2431E7693BEC /* Pods_instagramDemoTests.framework in Frameworks */ = {isa = PBXBuildFile; fileRef = 6DA9C3D0AFC9D9F5310DF9E4 /* Pods_instagramDemoTests.framework */; };
		4A6DDEB221AB0B9300CC0E2C /* AppDelegate.swift in Sources */ = {isa = PBXBuildFile; fileRef = 4A6DDEB121AB0B9300CC0E2C /* AppDelegate.swift */; };
		4A6DDEB721AB0B9300CC0E2C /* Main.storyboard in Resources */ = {isa = PBXBuildFile; fileRef = 4A6DDEB521AB0B9300CC0E2C /* Main.storyboard */; };
		4A6DDEB921AB0B9400CC0E2C /* Assets.xcassets in Resources */ = {isa = PBXBuildFile; fileRef = 4A6DDEB821AB0B9400CC0E2C /* Assets.xcassets */; };
		4A6DDEBC21AB0B9400CC0E2C /* LaunchScreen.storyboard in Resources */ = {isa = PBXBuildFile; fileRef = 4A6DDEBA21AB0B9400CC0E2C /* LaunchScreen.storyboard */; };
		4A6DDEC721AB0B9400CC0E2C /* instagramDemoTests.swift in Sources */ = {isa = PBXBuildFile; fileRef = 4A6DDEC621AB0B9400CC0E2C /* instagramDemoTests.swift */; };
		4A6DDED221AB0B9400CC0E2C /* instagramDemoUITests.swift in Sources */ = {isa = PBXBuildFile; fileRef = 4A6DDED121AB0B9400CC0E2C /* instagramDemoUITests.swift */; };
		4A6DDEE421AB11E900CC0E2C /* Constants.swift in Sources */ = {isa = PBXBuildFile; fileRef = 4A6DDEE321AB11E900CC0E2C /* Constants.swift */; };
		4A6DDEE721AB131700CC0E2C /* LoginViewController.swift in Sources */ = {isa = PBXBuildFile; fileRef = 4A6DDEE621AB131700CC0E2C /* LoginViewController.swift */; };
		4A6DDEEA21AB167B00CC0E2C /* BaseViewController.swift in Sources */ = {isa = PBXBuildFile; fileRef = 4A6DDEE921AB167B00CC0E2C /* BaseViewController.swift */; };
		4A6DDEED21AB234B00CC0E2C /* InstagramGlobal.swift in Sources */ = {isa = PBXBuildFile; fileRef = 4A6DDEEC21AB234B00CC0E2C /* InstagramGlobal.swift */; };
		4AC182C021AB2B7700F58436 /* PostsViewController.swift in Sources */ = {isa = PBXBuildFile; fileRef = 4AC182BF21AB2B7700F58436 /* PostsViewController.swift */; };
		4AC182C321AB304900F58436 /* UIStoryboard.swift in Sources */ = {isa = PBXBuildFile; fileRef = 4AC182C221AB304900F58436 /* UIStoryboard.swift */; };
		4AC182C521AB313B00F58436 /* UITableView.swift in Sources */ = {isa = PBXBuildFile; fileRef = 4AC182C421AB313B00F58436 /* UITableView.swift */; };
		4AC182C721AB31A100F58436 /* NSObject.swift in Sources */ = {isa = PBXBuildFile; fileRef = 4AC182C621AB31A100F58436 /* NSObject.swift */; };
		4AC182CA21AB376800F58436 /* PostTableViewCell.swift in Sources */ = {isa = PBXBuildFile; fileRef = 4AC182C821AB376800F58436 /* PostTableViewCell.swift */; };
		4AC182CB21AB376800F58436 /* PostTableViewCell.xib in Resources */ = {isa = PBXBuildFile; fileRef = 4AC182C921AB376800F58436 /* PostTableViewCell.xib */; };
		4AC182CE21AB394C00F58436 /* PostModel.swift in Sources */ = {isa = PBXBuildFile; fileRef = 4AC182CD21AB394C00F58436 /* PostModel.swift */; };
		4AC182D021AB399B00F58436 /* BaseModel.swift in Sources */ = {isa = PBXBuildFile; fileRef = 4AC182CF21AB399B00F58436 /* BaseModel.swift */; };
		4AC182D221AB3A7100F58436 /* UserModel.swift in Sources */ = {isa = PBXBuildFile; fileRef = 4AC182D121AB3A7100F58436 /* UserModel.swift */; };
		4AC182D421AB3B4800F58436 /* LocationModel.swift in Sources */ = {isa = PBXBuildFile; fileRef = 4AC182D321AB3B4800F58436 /* LocationModel.swift */; };
		4AC182D621AB3BF700F58436 /* ImageModel.swift in Sources */ = {isa = PBXBuildFile; fileRef = 4AC182D521AB3BF700F58436 /* ImageModel.swift */; };
		4AF1408A21AC7792006C280D /* PostViewModel.swift in Sources */ = {isa = PBXBuildFile; fileRef = 4AF1408921AC7792006C280D /* PostViewModel.swift */; };
		4AF1408C21AC9352006C280D /* InstagramServiceClient.swift in Sources */ = {isa = PBXBuildFile; fileRef = 4AF1408B21AC9352006C280D /* InstagramServiceClient.swift */; };
		4AF1408E21AC9799006C280D /* PostListViewModel.swift in Sources */ = {isa = PBXBuildFile; fileRef = 4AF1408D21AC9799006C280D /* PostListViewModel.swift */; };
		4AF4C02C21ADA51F00509F89 /* UIImageView.swift in Sources */ = {isa = PBXBuildFile; fileRef = 4AF4C02B21ADA51F00509F89 /* UIImageView.swift */; };
		4AF4C03121ADBF5800509F89 /* GoogleService-Info.plist in Resources */ = {isa = PBXBuildFile; fileRef = 4AF4C03021ADBF5800509F89 /* GoogleService-Info.plist */; };
		4AF4C03421ADC4EB00509F89 /* AddPostViewController.swift in Sources */ = {isa = PBXBuildFile; fileRef = 4AF4C03321ADC4EB00509F89 /* AddPostViewController.swift */; };
		57764FA4EE4069EC2B4705D4 /* Pods_instagramDemoUITests.framework in Frameworks */ = {isa = PBXBuildFile; fileRef = 3EBB858AC3173C27F5456210 /* Pods_instagramDemoUITests.framework */; };
/* End PBXBuildFile section */

/* Begin PBXContainerItemProxy section */
		4A6DDEC321AB0B9400CC0E2C /* PBXContainerItemProxy */ = {
			isa = PBXContainerItemProxy;
			containerPortal = 4A6DDEA621AB0B9300CC0E2C /* Project object */;
			proxyType = 1;
			remoteGlobalIDString = 4A6DDEAD21AB0B9300CC0E2C;
			remoteInfo = instagramDemo;
		};
		4A6DDECE21AB0B9400CC0E2C /* PBXContainerItemProxy */ = {
			isa = PBXContainerItemProxy;
			containerPortal = 4A6DDEA621AB0B9300CC0E2C /* Project object */;
			proxyType = 1;
			remoteGlobalIDString = 4A6DDEAD21AB0B9300CC0E2C;
			remoteInfo = instagramDemo;
		};
/* End PBXContainerItemProxy section */

/* Begin PBXFileReference section */
		20CF5BABF84B37235B3B2AD3 /* Pods-instagramDemoUITests.release.xcconfig */ = {isa = PBXFileReference; includeInIndex = 1; lastKnownFileType = text.xcconfig; name = "Pods-instagramDemoUITests.release.xcconfig"; path = "Pods/Target Support Files/Pods-instagramDemoUITests/Pods-instagramDemoUITests.release.xcconfig"; sourceTree = "<group>"; };
		21DF166A6E23C40E5EF0DBD7 /* Pods_instagramDemo.framework */ = {isa = PBXFileReference; explicitFileType = wrapper.framework; includeInIndex = 0; path = Pods_instagramDemo.framework; sourceTree = BUILT_PRODUCTS_DIR; };
		3EBB858AC3173C27F5456210 /* Pods_instagramDemoUITests.framework */ = {isa = PBXFileReference; explicitFileType = wrapper.framework; includeInIndex = 0; path = Pods_instagramDemoUITests.framework; sourceTree = BUILT_PRODUCTS_DIR; };
		49B2AD4C713AEAD1F2E581F6 /* Pods-instagramDemo.debug.xcconfig */ = {isa = PBXFileReference; includeInIndex = 1; lastKnownFileType = text.xcconfig; name = "Pods-instagramDemo.debug.xcconfig"; path = "Pods/Target Support Files/Pods-instagramDemo/Pods-instagramDemo.debug.xcconfig"; sourceTree = "<group>"; };
		4A6DDEAE21AB0B9300CC0E2C /* instagramDemo.app */ = {isa = PBXFileReference; explicitFileType = wrapper.application; includeInIndex = 0; path = instagramDemo.app; sourceTree = BUILT_PRODUCTS_DIR; };
		4A6DDEB121AB0B9300CC0E2C /* AppDelegate.swift */ = {isa = PBXFileReference; lastKnownFileType = sourcecode.swift; path = AppDelegate.swift; sourceTree = "<group>"; };
		4A6DDEB621AB0B9300CC0E2C /* Base */ = {isa = PBXFileReference; lastKnownFileType = file.storyboard; name = Base; path = Base.lproj/Main.storyboard; sourceTree = "<group>"; };
		4A6DDEB821AB0B9400CC0E2C /* Assets.xcassets */ = {isa = PBXFileReference; lastKnownFileType = folder.assetcatalog; path = Assets.xcassets; sourceTree = "<group>"; };
		4A6DDEBB21AB0B9400CC0E2C /* Base */ = {isa = PBXFileReference; lastKnownFileType = file.storyboard; name = Base; path = Base.lproj/LaunchScreen.storyboard; sourceTree = "<group>"; };
		4A6DDEBD21AB0B9400CC0E2C /* Info.plist */ = {isa = PBXFileReference; lastKnownFileType = text.plist.xml; path = Info.plist; sourceTree = "<group>"; };
		4A6DDEC221AB0B9400CC0E2C /* instagramDemoTests.xctest */ = {isa = PBXFileReference; explicitFileType = wrapper.cfbundle; includeInIndex = 0; path = instagramDemoTests.xctest; sourceTree = BUILT_PRODUCTS_DIR; };
		4A6DDEC621AB0B9400CC0E2C /* instagramDemoTests.swift */ = {isa = PBXFileReference; lastKnownFileType = sourcecode.swift; path = instagramDemoTests.swift; sourceTree = "<group>"; };
		4A6DDEC821AB0B9400CC0E2C /* Info.plist */ = {isa = PBXFileReference; lastKnownFileType = text.plist.xml; path = Info.plist; sourceTree = "<group>"; };
		4A6DDECD21AB0B9400CC0E2C /* instagramDemoUITests.xctest */ = {isa = PBXFileReference; explicitFileType = wrapper.cfbundle; includeInIndex = 0; path = instagramDemoUITests.xctest; sourceTree = BUILT_PRODUCTS_DIR; };
		4A6DDED121AB0B9400CC0E2C /* instagramDemoUITests.swift */ = {isa = PBXFileReference; lastKnownFileType = sourcecode.swift; path = instagramDemoUITests.swift; sourceTree = "<group>"; };
		4A6DDED321AB0B9400CC0E2C /* Info.plist */ = {isa = PBXFileReference; lastKnownFileType = text.plist.xml; path = Info.plist; sourceTree = "<group>"; };
		4A6DDEE321AB11E900CC0E2C /* Constants.swift */ = {isa = PBXFileReference; lastKnownFileType = sourcecode.swift; path = Constants.swift; sourceTree = "<group>"; };
		4A6DDEE621AB131700CC0E2C /* LoginViewController.swift */ = {isa = PBXFileReference; lastKnownFileType = sourcecode.swift; path = LoginViewController.swift; sourceTree = "<group>"; };
		4A6DDEE921AB167B00CC0E2C /* BaseViewController.swift */ = {isa = PBXFileReference; lastKnownFileType = sourcecode.swift; path = BaseViewController.swift; sourceTree = "<group>"; };
		4A6DDEEC21AB234B00CC0E2C /* InstagramGlobal.swift */ = {isa = PBXFileReference; lastKnownFileType = sourcecode.swift; path = InstagramGlobal.swift; sourceTree = "<group>"; };
		4AC182BF21AB2B7700F58436 /* PostsViewController.swift */ = {isa = PBXFileReference; lastKnownFileType = sourcecode.swift; path = PostsViewController.swift; sourceTree = "<group>"; };
		4AC182C221AB304900F58436 /* UIStoryboard.swift */ = {isa = PBXFileReference; lastKnownFileType = sourcecode.swift; path = UIStoryboard.swift; sourceTree = "<group>"; };
		4AC182C421AB313B00F58436 /* UITableView.swift */ = {isa = PBXFileReference; lastKnownFileType = sourcecode.swift; path = UITableView.swift; sourceTree = "<group>"; };
		4AC182C621AB31A100F58436 /* NSObject.swift */ = {isa = PBXFileReference; lastKnownFileType = sourcecode.swift; path = NSObject.swift; sourceTree = "<group>"; };
		4AC182C821AB376800F58436 /* PostTableViewCell.swift */ = {isa = PBXFileReference; lastKnownFileType = sourcecode.swift; path = PostTableViewCell.swift; sourceTree = "<group>"; };
		4AC182C921AB376800F58436 /* PostTableViewCell.xib */ = {isa = PBXFileReference; lastKnownFileType = file.xib; path = PostTableViewCell.xib; sourceTree = "<group>"; };
		4AC182CD21AB394C00F58436 /* PostModel.swift */ = {isa = PBXFileReference; lastKnownFileType = sourcecode.swift; path = PostModel.swift; sourceTree = "<group>"; };
		4AC182CF21AB399B00F58436 /* BaseModel.swift */ = {isa = PBXFileReference; lastKnownFileType = sourcecode.swift; path = BaseModel.swift; sourceTree = "<group>"; };
		4AC182D121AB3A7100F58436 /* UserModel.swift */ = {isa = PBXFileReference; lastKnownFileType = sourcecode.swift; path = UserModel.swift; sourceTree = "<group>"; };
		4AC182D321AB3B4800F58436 /* LocationModel.swift */ = {isa = PBXFileReference; lastKnownFileType = sourcecode.swift; path = LocationModel.swift; sourceTree = "<group>"; };
		4AC182D521AB3BF700F58436 /* ImageModel.swift */ = {isa = PBXFileReference; lastKnownFileType = sourcecode.swift; path = ImageModel.swift; sourceTree = "<group>"; };
		4ACD56F2D1791ED3002BF363 /* Pods-instagramDemo.release.xcconfig */ = {isa = PBXFileReference; includeInIndex = 1; lastKnownFileType = text.xcconfig; name = "Pods-instagramDemo.release.xcconfig"; path = "Pods/Target Support Files/Pods-instagramDemo/Pods-instagramDemo.release.xcconfig"; sourceTree = "<group>"; };
		4AF1408921AC7792006C280D /* PostViewModel.swift */ = {isa = PBXFileReference; lastKnownFileType = sourcecode.swift; path = PostViewModel.swift; sourceTree = "<group>"; };
		4AF1408B21AC9352006C280D /* InstagramServiceClient.swift */ = {isa = PBXFileReference; lastKnownFileType = sourcecode.swift; path = InstagramServiceClient.swift; sourceTree = "<group>"; };
		4AF1408D21AC9799006C280D /* PostListViewModel.swift */ = {isa = PBXFileReference; lastKnownFileType = sourcecode.swift; path = PostListViewModel.swift; sourceTree = "<group>"; };
		4AF4C02B21ADA51F00509F89 /* UIImageView.swift */ = {isa = PBXFileReference; lastKnownFileType = sourcecode.swift; path = UIImageView.swift; sourceTree = "<group>"; };
		4AF4C03021ADBF5800509F89 /* GoogleService-Info.plist */ = {isa = PBXFileReference; fileEncoding = 4; lastKnownFileType = text.plist.xml; path = "GoogleService-Info.plist"; sourceTree = "<group>"; };
		4AF4C03321ADC4EB00509F89 /* AddPostViewController.swift */ = {isa = PBXFileReference; lastKnownFileType = sourcecode.swift; path = AddPostViewController.swift; sourceTree = "<group>"; };
		6DA9C3D0AFC9D9F5310DF9E4 /* Pods_instagramDemoTests.framework */ = {isa = PBXFileReference; explicitFileType = wrapper.framework; includeInIndex = 0; path = Pods_instagramDemoTests.framework; sourceTree = BUILT_PRODUCTS_DIR; };
		80C48316F672F8CBEB77F143 /* Pods-instagramDemoUITests.debug.xcconfig */ = {isa = PBXFileReference; includeInIndex = 1; lastKnownFileType = text.xcconfig; name = "Pods-instagramDemoUITests.debug.xcconfig"; path = "Pods/Target Support Files/Pods-instagramDemoUITests/Pods-instagramDemoUITests.debug.xcconfig"; sourceTree = "<group>"; };
		AEFE4657E6F51CD730FD0D9F /* Pods-instagramDemoTests.release.xcconfig */ = {isa = PBXFileReference; includeInIndex = 1; lastKnownFileType = text.xcconfig; name = "Pods-instagramDemoTests.release.xcconfig"; path = "Pods/Target Support Files/Pods-instagramDemoTests/Pods-instagramDemoTests.release.xcconfig"; sourceTree = "<group>"; };
		F8ECCDC51E5E0C1DA0A03E77 /* Pods-instagramDemoTests.debug.xcconfig */ = {isa = PBXFileReference; includeInIndex = 1; lastKnownFileType = text.xcconfig; name = "Pods-instagramDemoTests.debug.xcconfig"; path = "Pods/Target Support Files/Pods-instagramDemoTests/Pods-instagramDemoTests.debug.xcconfig"; sourceTree = "<group>"; };
/* End PBXFileReference section */

/* Begin PBXFrameworksBuildPhase section */
		4A6DDEAB21AB0B9300CC0E2C /* Frameworks */ = {
			isa = PBXFrameworksBuildPhase;
			buildActionMask = 2147483647;
			files = (
				1B98F606CAF8226176C4D64B /* Pods_instagramDemo.framework in Frameworks */,
			);
			runOnlyForDeploymentPostprocessing = 0;
		};
		4A6DDEBF21AB0B9400CC0E2C /* Frameworks */ = {
			isa = PBXFrameworksBuildPhase;
			buildActionMask = 2147483647;
			files = (
				1C5C980C346A2431E7693BEC /* Pods_instagramDemoTests.framework in Frameworks */,
			);
			runOnlyForDeploymentPostprocessing = 0;
		};
		4A6DDECA21AB0B9400CC0E2C /* Frameworks */ = {
			isa = PBXFrameworksBuildPhase;
			buildActionMask = 2147483647;
			files = (
				57764FA4EE4069EC2B4705D4 /* Pods_instagramDemoUITests.framework in Frameworks */,
			);
			runOnlyForDeploymentPostprocessing = 0;
		};
/* End PBXFrameworksBuildPhase section */

/* Begin PBXGroup section */
		4A6DDEA521AB0B9300CC0E2C = {
			isa = PBXGroup;
			children = (
				4A6DDEB021AB0B9300CC0E2C /* instagramDemo */,
				4A6DDEC521AB0B9400CC0E2C /* instagramDemoTests */,
				4A6DDED021AB0B9400CC0E2C /* instagramDemoUITests */,
				4A6DDEAF21AB0B9300CC0E2C /* Products */,
				C050A12C216CED66FCAA1D8F /* Pods */,
				9779DCAFC83B78A5EB0A93FB /* Frameworks */,
			);
			sourceTree = "<group>";
		};
		4A6DDEAF21AB0B9300CC0E2C /* Products */ = {
			isa = PBXGroup;
			children = (
				4A6DDEAE21AB0B9300CC0E2C /* instagramDemo.app */,
				4A6DDEC221AB0B9400CC0E2C /* instagramDemoTests.xctest */,
				4A6DDECD21AB0B9400CC0E2C /* instagramDemoUITests.xctest */,
			);
			name = Products;
			sourceTree = "<group>";
		};
		4A6DDEB021AB0B9300CC0E2C /* instagramDemo */ = {
			isa = PBXGroup;
			children = (
				4A6DDEE521AB11EE00CC0E2C /* API */,
				4A6DDEE821AB167000CC0E2C /* Base */,
				4AC182B921AB28CF00F58436 /* Extensions */,
				4AC182CC21AB390000F58436 /* Model */,
				4AF4C02E21ADABE600509F89 /* ViewModel */,
				4AF4C02F21ADAC0E00509F89 /* ViewControllers */,
				4AF4C02D21ADABA500509F89 /* Storyboards */,
				4A6DDEEB21AB232700CC0E2C /* Shared */,
				4A6DDEE021AB0E3000CC0E2C /* Supporting Files */,
			);
			path = instagramDemo;
			sourceTree = "<group>";
		};
		4A6DDEC521AB0B9400CC0E2C /* instagramDemoTests */ = {
			isa = PBXGroup;
			children = (
				4A6DDEC621AB0B9400CC0E2C /* instagramDemoTests.swift */,
				4A6DDEC821AB0B9400CC0E2C /* Info.plist */,
			);
			path = instagramDemoTests;
			sourceTree = "<group>";
		};
		4A6DDED021AB0B9400CC0E2C /* instagramDemoUITests */ = {
			isa = PBXGroup;
			children = (
				4A6DDED121AB0B9400CC0E2C /* instagramDemoUITests.swift */,
				4A6DDED321AB0B9400CC0E2C /* Info.plist */,
			);
			path = instagramDemoUITests;
			sourceTree = "<group>";
		};
		4A6DDEE021AB0E3000CC0E2C /* Supporting Files */ = {
			isa = PBXGroup;
			children = (
				4AF4C03021ADBF5800509F89 /* GoogleService-Info.plist */,
				4A6DDEB121AB0B9300CC0E2C /* AppDelegate.swift */,
				4A6DDEB821AB0B9400CC0E2C /* Assets.xcassets */,
				4A6DDEBD21AB0B9400CC0E2C /* Info.plist */,
				4A6DDEBA21AB0B9400CC0E2C /* LaunchScreen.storyboard */,
			);
			path = "Supporting Files";
			sourceTree = "<group>";
		};
		4A6DDEE521AB11EE00CC0E2C /* API */ = {
			isa = PBXGroup;
			children = (
				4A6DDEE321AB11E900CC0E2C /* Constants.swift */,
				4AF1408B21AC9352006C280D /* InstagramServiceClient.swift */,
			);
			path = API;
			sourceTree = "<group>";
		};
		4A6DDEE821AB167000CC0E2C /* Base */ = {
			isa = PBXGroup;
			children = (
				4A6DDEE921AB167B00CC0E2C /* BaseViewController.swift */,
				4AC182CF21AB399B00F58436 /* BaseModel.swift */,
			);
			path = Base;
			sourceTree = "<group>";
		};
		4A6DDEEB21AB232700CC0E2C /* Shared */ = {
			isa = PBXGroup;
			children = (
				4A6DDEEC21AB234B00CC0E2C /* InstagramGlobal.swift */,
			);
			path = Shared;
			sourceTree = "<group>";
		};
		4AC182B921AB28CF00F58436 /* Extensions */ = {
			isa = PBXGroup;
			children = (
				4AC182C221AB304900F58436 /* UIStoryboard.swift */,
				4AC182C421AB313B00F58436 /* UITableView.swift */,
				4AC182C621AB31A100F58436 /* NSObject.swift */,
				4AF4C02B21ADA51F00509F89 /* UIImageView.swift */,
			);
			path = Extensions;
			sourceTree = "<group>";
		};
		4AC182BE21AB2B5700F58436 /* Posts */ = {
			isa = PBXGroup;
			children = (
				4AC182C821AB376800F58436 /* PostTableViewCell.swift */,
				4AC182C921AB376800F58436 /* PostTableViewCell.xib */,
				4AC182BF21AB2B7700F58436 /* PostsViewController.swift */,
			);
			path = Posts;
			sourceTree = "<group>";
		};
		4AC182C121AB2DCF00F58436 /* Login */ = {
			isa = PBXGroup;
			children = (
				4A6DDEE621AB131700CC0E2C /* LoginViewController.swift */,
			);
			path = Login;
			sourceTree = "<group>";
		};
		4AC182CC21AB390000F58436 /* Model */ = {
			isa = PBXGroup;
			children = (
				4AC182CD21AB394C00F58436 /* PostModel.swift */,
				4AC182D121AB3A7100F58436 /* UserModel.swift */,
				4AC182D321AB3B4800F58436 /* LocationModel.swift */,
				4AC182D521AB3BF700F58436 /* ImageModel.swift */,
			);
			path = Model;
			sourceTree = "<group>";
		};
		4AF4C02D21ADABA500509F89 /* Storyboards */ = {
			isa = PBXGroup;
			children = (
				4A6DDEB521AB0B9300CC0E2C /* Main.storyboard */,
			);
			path = Storyboards;
			sourceTree = "<group>";
		};
		4AF4C02E21ADABE600509F89 /* ViewModel */ = {
			isa = PBXGroup;
			children = (
				4AF1408921AC7792006C280D /* PostViewModel.swift */,
				4AF1408D21AC9799006C280D /* PostListViewModel.swift */,
			);
			path = ViewModel;
			sourceTree = "<group>";
		};
		4AF4C02F21ADAC0E00509F89 /* ViewControllers */ = {
			isa = PBXGroup;
			children = (
				4AF4C03221ADC48900509F89 /* Add Post */,
				4AC182C121AB2DCF00F58436 /* Login */,
				4AC182BE21AB2B5700F58436 /* Posts */,
			);
			path = ViewControllers;
			sourceTree = "<group>";
		};
		4AF4C03221ADC48900509F89 /* Add Post */ = {
			isa = PBXGroup;
			children = (
				4AF4C03321ADC4EB00509F89 /* AddPostViewController.swift */,
			);
			path = "Add Post";
			sourceTree = "<group>";
		};
		9779DCAFC83B78A5EB0A93FB /* Frameworks */ = {
			isa = PBXGroup;
			children = (
				21DF166A6E23C40E5EF0DBD7 /* Pods_instagramDemo.framework */,
				6DA9C3D0AFC9D9F5310DF9E4 /* Pods_instagramDemoTests.framework */,
				3EBB858AC3173C27F5456210 /* Pods_instagramDemoUITests.framework */,
			);
			name = Frameworks;
			sourceTree = "<group>";
		};
		C050A12C216CED66FCAA1D8F /* Pods */ = {
			isa = PBXGroup;
			children = (
				49B2AD4C713AEAD1F2E581F6 /* Pods-instagramDemo.debug.xcconfig */,
				4ACD56F2D1791ED3002BF363 /* Pods-instagramDemo.release.xcconfig */,
				F8ECCDC51E5E0C1DA0A03E77 /* Pods-instagramDemoTests.debug.xcconfig */,
				AEFE4657E6F51CD730FD0D9F /* Pods-instagramDemoTests.release.xcconfig */,
				80C48316F672F8CBEB77F143 /* Pods-instagramDemoUITests.debug.xcconfig */,
				20CF5BABF84B37235B3B2AD3 /* Pods-instagramDemoUITests.release.xcconfig */,
			);
			name = Pods;
			sourceTree = "<group>";
		};
/* End PBXGroup section */

/* Begin PBXNativeTarget section */
		4A6DDEAD21AB0B9300CC0E2C /* instagramDemo */ = {
			isa = PBXNativeTarget;
			buildConfigurationList = 4A6DDED621AB0B9400CC0E2C /* Build configuration list for PBXNativeTarget "instagramDemo" */;
			buildPhases = (
				6F941DFEEDE78735E02E7499 /* [CP] Check Pods Manifest.lock */,
				4A6DDEAA21AB0B9300CC0E2C /* Sources */,
				4A6DDEAB21AB0B9300CC0E2C /* Frameworks */,
				4A6DDEAC21AB0B9300CC0E2C /* Resources */,
				906D74BF1F37962D2FF5535A /* [CP] Embed Pods Frameworks */,
			);
			buildRules = (
			);
			dependencies = (
			);
			name = instagramDemo;
			productName = instagramDemo;
			productReference = 4A6DDEAE21AB0B9300CC0E2C /* instagramDemo.app */;
			productType = "com.apple.product-type.application";
		};
		4A6DDEC121AB0B9400CC0E2C /* instagramDemoTests */ = {
			isa = PBXNativeTarget;
			buildConfigurationList = 4A6DDED921AB0B9400CC0E2C /* Build configuration list for PBXNativeTarget "instagramDemoTests" */;
			buildPhases = (
				18C22EDE19B61B11AD57C6F0 /* [CP] Check Pods Manifest.lock */,
				4A6DDEBE21AB0B9400CC0E2C /* Sources */,
				4A6DDEBF21AB0B9400CC0E2C /* Frameworks */,
				4A6DDEC021AB0B9400CC0E2C /* Resources */,
			);
			buildRules = (
			);
			dependencies = (
				4A6DDEC421AB0B9400CC0E2C /* PBXTargetDependency */,
			);
			name = instagramDemoTests;
			productName = instagramDemoTests;
			productReference = 4A6DDEC221AB0B9400CC0E2C /* instagramDemoTests.xctest */;
			productType = "com.apple.product-type.bundle.unit-test";
		};
		4A6DDECC21AB0B9400CC0E2C /* instagramDemoUITests */ = {
			isa = PBXNativeTarget;
			buildConfigurationList = 4A6DDEDC21AB0B9400CC0E2C /* Build configuration list for PBXNativeTarget "instagramDemoUITests" */;
			buildPhases = (
				D41A845D6F66A5B2F1E01D5C /* [CP] Check Pods Manifest.lock */,
				4A6DDEC921AB0B9400CC0E2C /* Sources */,
				4A6DDECA21AB0B9400CC0E2C /* Frameworks */,
				4A6DDECB21AB0B9400CC0E2C /* Resources */,
			);
			buildRules = (
			);
			dependencies = (
				4A6DDECF21AB0B9400CC0E2C /* PBXTargetDependency */,
			);
			name = instagramDemoUITests;
			productName = instagramDemoUITests;
			productReference = 4A6DDECD21AB0B9400CC0E2C /* instagramDemoUITests.xctest */;
			productType = "com.apple.product-type.bundle.ui-testing";
		};
/* End PBXNativeTarget section */

/* Begin PBXProject section */
		4A6DDEA621AB0B9300CC0E2C /* Project object */ = {
			isa = PBXProject;
			attributes = {
				LastSwiftUpdateCheck = 0940;
				LastUpgradeCheck = 0940;
				ORGANIZATIONNAME = "Fatma Dagdevir";
				TargetAttributes = {
					4A6DDEAD21AB0B9300CC0E2C = {
						CreatedOnToolsVersion = 9.4.1;
					};
					4A6DDEC121AB0B9400CC0E2C = {
						CreatedOnToolsVersion = 9.4.1;
						TestTargetID = 4A6DDEAD21AB0B9300CC0E2C;
					};
					4A6DDECC21AB0B9400CC0E2C = {
						CreatedOnToolsVersion = 9.4.1;
						TestTargetID = 4A6DDEAD21AB0B9300CC0E2C;
					};
				};
			};
			buildConfigurationList = 4A6DDEA921AB0B9300CC0E2C /* Build configuration list for PBXProject "instagramDemo" */;
			compatibilityVersion = "Xcode 9.3";
			developmentRegion = en;
			hasScannedForEncodings = 0;
			knownRegions = (
				en,
				Base,
			);
			mainGroup = 4A6DDEA521AB0B9300CC0E2C;
			productRefGroup = 4A6DDEAF21AB0B9300CC0E2C /* Products */;
			projectDirPath = "";
			projectRoot = "";
			targets = (
				4A6DDEAD21AB0B9300CC0E2C /* instagramDemo */,
				4A6DDEC121AB0B9400CC0E2C /* instagramDemoTests */,
				4A6DDECC21AB0B9400CC0E2C /* instagramDemoUITests */,
			);
		};
/* End PBXProject section */

/* Begin PBXResourcesBuildPhase section */
		4A6DDEAC21AB0B9300CC0E2C /* Resources */ = {
			isa = PBXResourcesBuildPhase;
			buildActionMask = 2147483647;
			files = (
				4A6DDEBC21AB0B9400CC0E2C /* LaunchScreen.storyboard in Resources */,
				4A6DDEB921AB0B9400CC0E2C /* Assets.xcassets in Resources */,
				4AF4C03121ADBF5800509F89 /* GoogleService-Info.plist in Resources */,
				4AC182CB21AB376800F58436 /* PostTableViewCell.xib in Resources */,
				4A6DDEB721AB0B9300CC0E2C /* Main.storyboard in Resources */,
			);
			runOnlyForDeploymentPostprocessing = 0;
		};
		4A6DDEC021AB0B9400CC0E2C /* Resources */ = {
			isa = PBXResourcesBuildPhase;
			buildActionMask = 2147483647;
			files = (
			);
			runOnlyForDeploymentPostprocessing = 0;
		};
		4A6DDECB21AB0B9400CC0E2C /* Resources */ = {
			isa = PBXResourcesBuildPhase;
			buildActionMask = 2147483647;
			files = (
			);
			runOnlyForDeploymentPostprocessing = 0;
		};
/* End PBXResourcesBuildPhase section */

/* Begin PBXShellScriptBuildPhase section */
		18C22EDE19B61B11AD57C6F0 /* [CP] Check Pods Manifest.lock */ = {
			isa = PBXShellScriptBuildPhase;
			buildActionMask = 2147483647;
			files = (
			);
			inputPaths = (
				"${PODS_PODFILE_DIR_PATH}/Podfile.lock",
				"${PODS_ROOT}/Manifest.lock",
			);
			name = "[CP] Check Pods Manifest.lock";
			outputPaths = (
				"$(DERIVED_FILE_DIR)/Pods-instagramDemoTests-checkManifestLockResult.txt",
			);
			runOnlyForDeploymentPostprocessing = 0;
			shellPath = /bin/sh;
			shellScript = "diff \"${PODS_PODFILE_DIR_PATH}/Podfile.lock\" \"${PODS_ROOT}/Manifest.lock\" > /dev/null\nif [ $? != 0 ] ; then\n    # print error to STDERR\n    echo \"error: The sandbox is not in sync with the Podfile.lock. Run 'pod install' or update your CocoaPods installation.\" >&2\n    exit 1\nfi\n# This output is used by Xcode 'outputs' to avoid re-running this script phase.\necho \"SUCCESS\" > \"${SCRIPT_OUTPUT_FILE_0}\"\n";
			showEnvVarsInLog = 0;
		};
		6F941DFEEDE78735E02E7499 /* [CP] Check Pods Manifest.lock */ = {
			isa = PBXShellScriptBuildPhase;
			buildActionMask = 2147483647;
			files = (
			);
			inputPaths = (
				"${PODS_PODFILE_DIR_PATH}/Podfile.lock",
				"${PODS_ROOT}/Manifest.lock",
			);
			name = "[CP] Check Pods Manifest.lock";
			outputPaths = (
				"$(DERIVED_FILE_DIR)/Pods-instagramDemo-checkManifestLockResult.txt",
			);
			runOnlyForDeploymentPostprocessing = 0;
			shellPath = /bin/sh;
			shellScript = "diff \"${PODS_PODFILE_DIR_PATH}/Podfile.lock\" \"${PODS_ROOT}/Manifest.lock\" > /dev/null\nif [ $? != 0 ] ; then\n    # print error to STDERR\n    echo \"error: The sandbox is not in sync with the Podfile.lock. Run 'pod install' or update your CocoaPods installation.\" >&2\n    exit 1\nfi\n# This output is used by Xcode 'outputs' to avoid re-running this script phase.\necho \"SUCCESS\" > \"${SCRIPT_OUTPUT_FILE_0}\"\n";
			showEnvVarsInLog = 0;
		};
		906D74BF1F37962D2FF5535A /* [CP] Embed Pods Frameworks */ = {
			isa = PBXShellScriptBuildPhase;
			buildActionMask = 2147483647;
			files = (
			);
			inputPaths = (
				"${SRCROOT}/Pods/Target Support Files/Pods-instagramDemo/Pods-instagramDemo-frameworks.sh",
				"${BUILT_PRODUCTS_DIR}/Alamofire/Alamofire.framework",
				"${BUILT_PRODUCTS_DIR}/GoogleUtilities/GoogleUtilities.framework",
				"${BUILT_PRODUCTS_DIR}/RxAtomic/RxAtomic.framework",
				"${BUILT_PRODUCTS_DIR}/RxCocoa/RxCocoa.framework",
				"${BUILT_PRODUCTS_DIR}/RxSwift/RxSwift.framework",
				"${BUILT_PRODUCTS_DIR}/SwiftyJSON/SwiftyJSON.framework",
				"${BUILT_PRODUCTS_DIR}/leveldb-library/leveldb.framework",
			);
			name = "[CP] Embed Pods Frameworks";
			outputPaths = (
				"${TARGET_BUILD_DIR}/${FRAMEWORKS_FOLDER_PATH}/Alamofire.framework",
				"${TARGET_BUILD_DIR}/${FRAMEWORKS_FOLDER_PATH}/GoogleUtilities.framework",
				"${TARGET_BUILD_DIR}/${FRAMEWORKS_FOLDER_PATH}/RxAtomic.framework",
				"${TARGET_BUILD_DIR}/${FRAMEWORKS_FOLDER_PATH}/RxCocoa.framework",
				"${TARGET_BUILD_DIR}/${FRAMEWORKS_FOLDER_PATH}/RxSwift.framework",
				"${TARGET_BUILD_DIR}/${FRAMEWORKS_FOLDER_PATH}/SwiftyJSON.framework",
				"${TARGET_BUILD_DIR}/${FRAMEWORKS_FOLDER_PATH}/leveldb.framework",
			);
			runOnlyForDeploymentPostprocessing = 0;
			shellPath = /bin/sh;
			shellScript = "\"${SRCROOT}/Pods/Target Support Files/Pods-instagramDemo/Pods-instagramDemo-frameworks.sh\"\n";
			showEnvVarsInLog = 0;
		};
		D41A845D6F66A5B2F1E01D5C /* [CP] Check Pods Manifest.lock */ = {
			isa = PBXShellScriptBuildPhase;
			buildActionMask = 2147483647;
			files = (
			);
			inputPaths = (
				"${PODS_PODFILE_DIR_PATH}/Podfile.lock",
				"${PODS_ROOT}/Manifest.lock",
			);
			name = "[CP] Check Pods Manifest.lock";
			outputPaths = (
				"$(DERIVED_FILE_DIR)/Pods-instagramDemoUITests-checkManifestLockResult.txt",
			);
			runOnlyForDeploymentPostprocessing = 0;
			shellPath = /bin/sh;
			shellScript = "diff \"${PODS_PODFILE_DIR_PATH}/Podfile.lock\" \"${PODS_ROOT}/Manifest.lock\" > /dev/null\nif [ $? != 0 ] ; then\n    # print error to STDERR\n    echo \"error: The sandbox is not in sync with the Podfile.lock. Run 'pod install' or update your CocoaPods installation.\" >&2\n    exit 1\nfi\n# This output is used by Xcode 'outputs' to avoid re-running this script phase.\necho \"SUCCESS\" > \"${SCRIPT_OUTPUT_FILE_0}\"\n";
			showEnvVarsInLog = 0;
		};
/* End PBXShellScriptBuildPhase section */

/* Begin PBXSourcesBuildPhase section */
		4A6DDEAA21AB0B9300CC0E2C /* Sources */ = {
			isa = PBXSourcesBuildPhase;
			buildActionMask = 2147483647;
			files = (
				4A6DDEE721AB131700CC0E2C /* LoginViewController.swift in Sources */,
				4A6DDEED21AB234B00CC0E2C /* InstagramGlobal.swift in Sources */,
				4A6DDEEA21AB167B00CC0E2C /* BaseViewController.swift in Sources */,
				4AC182C021AB2B7700F58436 /* PostsViewController.swift in Sources */,
				4AC182CA21AB376800F58436 /* PostTableViewCell.swift in Sources */,
				4A6DDEB221AB0B9300CC0E2C /* AppDelegate.swift in Sources */,
				4AF4C02C21ADA51F00509F89 /* UIImageView.swift in Sources */,
				4AC182C321AB304900F58436 /* UIStoryboard.swift in Sources */,
				4AC182C521AB313B00F58436 /* UITableView.swift in Sources */,
				4AF1408E21AC9799006C280D /* PostListViewModel.swift in Sources */,
				4AC182D021AB399B00F58436 /* BaseModel.swift in Sources */,
				4AC182D221AB3A7100F58436 /* UserModel.swift in Sources */,
				4AF4C03421ADC4EB00509F89 /* AddPostViewController.swift in Sources */,
				4AF1408C21AC9352006C280D /* InstagramServiceClient.swift in Sources */,
				4AF1408A21AC7792006C280D /* PostViewModel.swift in Sources */,
				4AC182CE21AB394C00F58436 /* PostModel.swift in Sources */,
				4AC182D621AB3BF700F58436 /* ImageModel.swift in Sources */,
				4AC182C721AB31A100F58436 /* NSObject.swift in Sources */,
				4AC182D421AB3B4800F58436 /* LocationModel.swift in Sources */,
				4A6DDEE421AB11E900CC0E2C /* Constants.swift in Sources */,
			);
			runOnlyForDeploymentPostprocessing = 0;
		};
		4A6DDEBE21AB0B9400CC0E2C /* Sources */ = {
			isa = PBXSourcesBuildPhase;
			buildActionMask = 2147483647;
			files = (
				4A6DDEC721AB0B9400CC0E2C /* instagramDemoTests.swift in Sources */,
			);
			runOnlyForDeploymentPostprocessing = 0;
		};
		4A6DDEC921AB0B9400CC0E2C /* Sources */ = {
			isa = PBXSourcesBuildPhase;
			buildActionMask = 2147483647;
			files = (
				4A6DDED221AB0B9400CC0E2C /* instagramDemoUITests.swift in Sources */,
			);
			runOnlyForDeploymentPostprocessing = 0;
		};
/* End PBXSourcesBuildPhase section */

/* Begin PBXTargetDependency section */
		4A6DDEC421AB0B9400CC0E2C /* PBXTargetDependency */ = {
			isa = PBXTargetDependency;
			target = 4A6DDEAD21AB0B9300CC0E2C /* instagramDemo */;
			targetProxy = 4A6DDEC321AB0B9400CC0E2C /* PBXContainerItemProxy */;
		};
		4A6DDECF21AB0B9400CC0E2C /* PBXTargetDependency */ = {
			isa = PBXTargetDependency;
			target = 4A6DDEAD21AB0B9300CC0E2C /* instagramDemo */;
			targetProxy = 4A6DDECE21AB0B9400CC0E2C /* PBXContainerItemProxy */;
		};
/* End PBXTargetDependency section */

/* Begin PBXVariantGroup section */
		4A6DDEB521AB0B9300CC0E2C /* Main.storyboard */ = {
			isa = PBXVariantGroup;
			children = (
				4A6DDEB621AB0B9300CC0E2C /* Base */,
			);
			name = Main.storyboard;
			sourceTree = "<group>";
		};
		4A6DDEBA21AB0B9400CC0E2C /* LaunchScreen.storyboard */ = {
			isa = PBXVariantGroup;
			children = (
				4A6DDEBB21AB0B9400CC0E2C /* Base */,
			);
			name = LaunchScreen.storyboard;
			sourceTree = "<group>";
		};
/* End PBXVariantGroup section */

/* Begin XCBuildConfiguration section */
		4A6DDED421AB0B9400CC0E2C /* Debug */ = {
			isa = XCBuildConfiguration;
			buildSettings = {
				ALWAYS_SEARCH_USER_PATHS = NO;
				CLANG_ANALYZER_NONNULL = YES;
				CLANG_ANALYZER_NUMBER_OBJECT_CONVERSION = YES_AGGRESSIVE;
				CLANG_CXX_LANGUAGE_STANDARD = "gnu++14";
				CLANG_CXX_LIBRARY = "libc++";
				CLANG_ENABLE_MODULES = YES;
				CLANG_ENABLE_OBJC_ARC = YES;
				CLANG_ENABLE_OBJC_WEAK = YES;
				CLANG_WARN_BLOCK_CAPTURE_AUTORELEASING = YES;
				CLANG_WARN_BOOL_CONVERSION = YES;
				CLANG_WARN_COMMA = YES;
				CLANG_WARN_CONSTANT_CONVERSION = YES;
				CLANG_WARN_DEPRECATED_OBJC_IMPLEMENTATIONS = YES;
				CLANG_WARN_DIRECT_OBJC_ISA_USAGE = YES_ERROR;
				CLANG_WARN_DOCUMENTATION_COMMENTS = YES;
				CLANG_WARN_EMPTY_BODY = YES;
				CLANG_WARN_ENUM_CONVERSION = YES;
				CLANG_WARN_INFINITE_RECURSION = YES;
				CLANG_WARN_INT_CONVERSION = YES;
				CLANG_WARN_NON_LITERAL_NULL_CONVERSION = YES;
				CLANG_WARN_OBJC_IMPLICIT_RETAIN_SELF = YES;
				CLANG_WARN_OBJC_LITERAL_CONVERSION = YES;
				CLANG_WARN_OBJC_ROOT_CLASS = YES_ERROR;
				CLANG_WARN_RANGE_LOOP_ANALYSIS = YES;
				CLANG_WARN_STRICT_PROTOTYPES = YES;
				CLANG_WARN_SUSPICIOUS_MOVE = YES;
				CLANG_WARN_UNGUARDED_AVAILABILITY = YES_AGGRESSIVE;
				CLANG_WARN_UNREACHABLE_CODE = YES;
				CLANG_WARN__DUPLICATE_METHOD_MATCH = YES;
				CODE_SIGN_IDENTITY = "iPhone Developer";
				COPY_PHASE_STRIP = NO;
				DEBUG_INFORMATION_FORMAT = dwarf;
				ENABLE_STRICT_OBJC_MSGSEND = YES;
				ENABLE_TESTABILITY = YES;
				GCC_C_LANGUAGE_STANDARD = gnu11;
				GCC_DYNAMIC_NO_PIC = NO;
				GCC_NO_COMMON_BLOCKS = YES;
				GCC_OPTIMIZATION_LEVEL = 0;
				GCC_PREPROCESSOR_DEFINITIONS = (
					"DEBUG=1",
					"$(inherited)",
				);
				GCC_WARN_64_TO_32_BIT_CONVERSION = YES;
				GCC_WARN_ABOUT_RETURN_TYPE = YES_ERROR;
				GCC_WARN_UNDECLARED_SELECTOR = YES;
				GCC_WARN_UNINITIALIZED_AUTOS = YES_AGGRESSIVE;
				GCC_WARN_UNUSED_FUNCTION = YES;
				GCC_WARN_UNUSED_VARIABLE = YES;
				IPHONEOS_DEPLOYMENT_TARGET = 11.4;
				MTL_ENABLE_DEBUG_INFO = YES;
				ONLY_ACTIVE_ARCH = YES;
				SDKROOT = iphoneos;
				SWIFT_ACTIVE_COMPILATION_CONDITIONS = DEBUG;
				SWIFT_OPTIMIZATION_LEVEL = "-Onone";
			};
			name = Debug;
		};
		4A6DDED521AB0B9400CC0E2C /* Release */ = {
			isa = XCBuildConfiguration;
			buildSettings = {
				ALWAYS_SEARCH_USER_PATHS = NO;
				CLANG_ANALYZER_NONNULL = YES;
				CLANG_ANALYZER_NUMBER_OBJECT_CONVERSION = YES_AGGRESSIVE;
				CLANG_CXX_LANGUAGE_STANDARD = "gnu++14";
				CLANG_CXX_LIBRARY = "libc++";
				CLANG_ENABLE_MODULES = YES;
				CLANG_ENABLE_OBJC_ARC = YES;
				CLANG_ENABLE_OBJC_WEAK = YES;
				CLANG_WARN_BLOCK_CAPTURE_AUTORELEASING = YES;
				CLANG_WARN_BOOL_CONVERSION = YES;
				CLANG_WARN_COMMA = YES;
				CLANG_WARN_CONSTANT_CONVERSION = YES;
				CLANG_WARN_DEPRECATED_OBJC_IMPLEMENTATIONS = YES;
				CLANG_WARN_DIRECT_OBJC_ISA_USAGE = YES_ERROR;
				CLANG_WARN_DOCUMENTATION_COMMENTS = YES;
				CLANG_WARN_EMPTY_BODY = YES;
				CLANG_WARN_ENUM_CONVERSION = YES;
				CLANG_WARN_INFINITE_RECURSION = YES;
				CLANG_WARN_INT_CONVERSION = YES;
				CLANG_WARN_NON_LITERAL_NULL_CONVERSION = YES;
				CLANG_WARN_OBJC_IMPLICIT_RETAIN_SELF = YES;
				CLANG_WARN_OBJC_LITERAL_CONVERSION = YES;
				CLANG_WARN_OBJC_ROOT_CLASS = YES_ERROR;
				CLANG_WARN_RANGE_LOOP_ANALYSIS = YES;
				CLANG_WARN_STRICT_PROTOTYPES = YES;
				CLANG_WARN_SUSPICIOUS_MOVE = YES;
				CLANG_WARN_UNGUARDED_AVAILABILITY = YES_AGGRESSIVE;
				CLANG_WARN_UNREACHABLE_CODE = YES;
				CLANG_WARN__DUPLICATE_METHOD_MATCH = YES;
				CODE_SIGN_IDENTITY = "iPhone Developer";
				COPY_PHASE_STRIP = NO;
				DEBUG_INFORMATION_FORMAT = "dwarf-with-dsym";
				ENABLE_NS_ASSERTIONS = NO;
				ENABLE_STRICT_OBJC_MSGSEND = YES;
				GCC_C_LANGUAGE_STANDARD = gnu11;
				GCC_NO_COMMON_BLOCKS = YES;
				GCC_WARN_64_TO_32_BIT_CONVERSION = YES;
				GCC_WARN_ABOUT_RETURN_TYPE = YES_ERROR;
				GCC_WARN_UNDECLARED_SELECTOR = YES;
				GCC_WARN_UNINITIALIZED_AUTOS = YES_AGGRESSIVE;
				GCC_WARN_UNUSED_FUNCTION = YES;
				GCC_WARN_UNUSED_VARIABLE = YES;
				IPHONEOS_DEPLOYMENT_TARGET = 11.4;
				MTL_ENABLE_DEBUG_INFO = NO;
				SDKROOT = iphoneos;
				SWIFT_COMPILATION_MODE = wholemodule;
				SWIFT_OPTIMIZATION_LEVEL = "-O";
				VALIDATE_PRODUCT = YES;
			};
			name = Release;
		};
		4A6DDED721AB0B9400CC0E2C /* Debug */ = {
			isa = XCBuildConfiguration;
			baseConfigurationReference = 49B2AD4C713AEAD1F2E581F6 /* Pods-instagramDemo.debug.xcconfig */;
			buildSettings = {
				ASSETCATALOG_COMPILER_APPICON_NAME = AppIcon;
				CODE_SIGN_STYLE = Automatic;
				DEVELOPMENT_TEAM = 27YU34ECNS;
				INFOPLIST_FILE = "$(SRCROOT)/instagramDemo/Supporting Files/Info.plist";
				LD_RUNPATH_SEARCH_PATHS = (
					"$(inherited)",
					"@executable_path/Frameworks",
				);
				PRODUCT_BUNDLE_IDENTIFIER = com.fatmadagdevir.instagramDemo;
				PRODUCT_NAME = "$(TARGET_NAME)";
				SWIFT_VERSION = 4.0;
				TARGETED_DEVICE_FAMILY = "1,2";
			};
			name = Debug;
		};
		4A6DDED821AB0B9400CC0E2C /* Release */ = {
			isa = XCBuildConfiguration;
			baseConfigurationReference = 4ACD56F2D1791ED3002BF363 /* Pods-instagramDemo.release.xcconfig */;
			buildSettings = {
				ASSETCATALOG_COMPILER_APPICON_NAME = AppIcon;
				CODE_SIGN_STYLE = Automatic;
				DEVELOPMENT_TEAM = 27YU34ECNS;
				INFOPLIST_FILE = "$(SRCROOT)/instagramDemo/Supporting Files/Info.plist";
				LD_RUNPATH_SEARCH_PATHS = (
					"$(inherited)",
					"@executable_path/Frameworks",
				);
				PRODUCT_BUNDLE_IDENTIFIER = com.fatmadagdevir.instagramDemo;
				PRODUCT_NAME = "$(TARGET_NAME)";
				SWIFT_VERSION = 4.0;
				TARGETED_DEVICE_FAMILY = "1,2";
			};
			name = Release;
		};
		4A6DDEDA21AB0B9400CC0E2C /* Debug */ = {
			isa = XCBuildConfiguration;
			baseConfigurationReference = F8ECCDC51E5E0C1DA0A03E77 /* Pods-instagramDemoTests.debug.xcconfig */;
			buildSettings = {
				ALWAYS_EMBED_SWIFT_STANDARD_LIBRARIES = YES;
				BUNDLE_LOADER = "$(TEST_HOST)";
				CODE_SIGN_STYLE = Automatic;
				DEVELOPMENT_TEAM = 27YU34ECNS;
				INFOPLIST_FILE = instagramDemoTests/Info.plist;
				LD_RUNPATH_SEARCH_PATHS = (
					"$(inherited)",
					"@executable_path/Frameworks",
					"@loader_path/Frameworks",
				);
				PRODUCT_BUNDLE_IDENTIFIER = com.fatmadagdevir.instagramDemoTests;
				PRODUCT_NAME = "$(TARGET_NAME)";
				SWIFT_VERSION = 4.0;
				TARGETED_DEVICE_FAMILY = "1,2";
				TEST_HOST = "$(BUILT_PRODUCTS_DIR)/instagramDemo.app/instagramDemo";
			};
			name = Debug;
		};
		4A6DDEDB21AB0B9400CC0E2C /* Release */ = {
			isa = XCBuildConfiguration;
			baseConfigurationReference = AEFE4657E6F51CD730FD0D9F /* Pods-instagramDemoTests.release.xcconfig */;
			buildSettings = {
				ALWAYS_EMBED_SWIFT_STANDARD_LIBRARIES = YES;
				BUNDLE_LOADER = "$(TEST_HOST)";
				CODE_SIGN_STYLE = Automatic;
				DEVELOPMENT_TEAM = 27YU34ECNS;
				INFOPLIST_FILE = instagramDemoTests/Info.plist;
				LD_RUNPATH_SEARCH_PATHS = (
					"$(inherited)",
					"@executable_path/Frameworks",
					"@loader_path/Frameworks",
				);
				PRODUCT_BUNDLE_IDENTIFIER = com.fatmadagdevir.instagramDemoTests;
				PRODUCT_NAME = "$(TARGET_NAME)";
				SWIFT_VERSION = 4.0;
				TARGETED_DEVICE_FAMILY = "1,2";
				TEST_HOST = "$(BUILT_PRODUCTS_DIR)/instagramDemo.app/instagramDemo";
			};
			name = Release;
		};
		4A6DDEDD21AB0B9400CC0E2C /* Debug */ = {
			isa = XCBuildConfiguration;
			baseConfigurationReference = 80C48316F672F8CBEB77F143 /* Pods-instagramDemoUITests.debug.xcconfig */;
			buildSettings = {
				ALWAYS_EMBED_SWIFT_STANDARD_LIBRARIES = YES;
				CODE_SIGN_STYLE = Automatic;
				DEVELOPMENT_TEAM = 27YU34ECNS;
				INFOPLIST_FILE = instagramDemoUITests/Info.plist;
				LD_RUNPATH_SEARCH_PATHS = (
					"$(inherited)",
					"@executable_path/Frameworks",
					"@loader_path/Frameworks",
				);
				PRODUCT_BUNDLE_IDENTIFIER = com.fatmadagdevir.instagramDemoUITests;
				PRODUCT_NAME = "$(TARGET_NAME)";
				SWIFT_VERSION = 4.0;
				TARGETED_DEVICE_FAMILY = "1,2";
				TEST_TARGET_NAME = instagramDemo;
			};
			name = Debug;
		};
		4A6DDEDE21AB0B9400CC0E2C /* Release */ = {
			isa = XCBuildConfiguration;
			baseConfigurationReference = 20CF5BABF84B37235B3B2AD3 /* Pods-instagramDemoUITests.release.xcconfig */;
			buildSettings = {
				ALWAYS_EMBED_SWIFT_STANDARD_LIBRARIES = YES;
				CODE_SIGN_STYLE = Automatic;
				DEVELOPMENT_TEAM = 27YU34ECNS;
				INFOPLIST_FILE = instagramDemoUITests/Info.plist;
				LD_RUNPATH_SEARCH_PATHS = (
					"$(inherited)",
					"@executable_path/Frameworks",
					"@loader_path/Frameworks",
				);
				PRODUCT_BUNDLE_IDENTIFIER = com.fatmadagdevir.instagramDemoUITests;
				PRODUCT_NAME = "$(TARGET_NAME)";
				SWIFT_VERSION = 4.0;
				TARGETED_DEVICE_FAMILY = "1,2";
				TEST_TARGET_NAME = instagramDemo;
			};
			name = Release;
		};
/* End XCBuildConfiguration section */

/* Begin XCConfigurationList section */
		4A6DDEA921AB0B9300CC0E2C /* Build configuration list for PBXProject "instagramDemo" */ = {
			isa = XCConfigurationList;
			buildConfigurations = (
				4A6DDED421AB0B9400CC0E2C /* Debug */,
				4A6DDED521AB0B9400CC0E2C /* Release */,
			);
			defaultConfigurationIsVisible = 0;
			defaultConfigurationName = Release;
		};
		4A6DDED621AB0B9400CC0E2C /* Build configuration list for PBXNativeTarget "instagramDemo" */ = {
			isa = XCConfigurationList;
			buildConfigurations = (
				4A6DDED721AB0B9400CC0E2C /* Debug */,
				4A6DDED821AB0B9400CC0E2C /* Release */,
			);
			defaultConfigurationIsVisible = 0;
			defaultConfigurationName = Release;
		};
		4A6DDED921AB0B9400CC0E2C /* Build configuration list for PBXNativeTarget "instagramDemoTests" */ = {
			isa = XCConfigurationList;
			buildConfigurations = (
				4A6DDEDA21AB0B9400CC0E2C /* Debug */,
				4A6DDEDB21AB0B9400CC0E2C /* Release */,
			);
			defaultConfigurationIsVisible = 0;
			defaultConfigurationName = Release;
		};
		4A6DDEDC21AB0B9400CC0E2C /* Build configuration list for PBXNativeTarget "instagramDemoUITests" */ = {
			isa = XCConfigurationList;
			buildConfigurations = (
				4A6DDEDD21AB0B9400CC0E2C /* Debug */,
				4A6DDEDE21AB0B9400CC0E2C /* Release */,
			);
			defaultConfigurationIsVisible = 0;
			defaultConfigurationName = Release;
		};
/* End XCConfigurationList section */
	};
	rootObject = 4A6DDEA621AB0B9300CC0E2C /* Project object */;
}
